
Microsoft Visual Studio Solution File, Format Version 12.00
# Visual Studio 14
VisualStudioVersion = 14.0.25420.1
MinimumVisualStudioVersion = 10.0.40219.1
Project("{2150E333-8FDC-42A3-9474-1A3956D46DE8}") = "src", "src", "{975A2087-8916-44F2-B328-969DC1C3085D}"
EndProject
Project("{2150E333-8FDC-42A3-9474-1A3956D46DE8}") = "Solution Items", "Solution Items", "{1A342B0E-1EF1-4682-A44C-8FA7F2CC1B55}"
	ProjectSection(SolutionItems) = preProject
		global.json = global.json
		README.md = README.md
	EndProjectSection
EndProject
Project("{8BB2217D-0F2D-49D1-97BC-3654ED321F3B}") = "Love.Net.Help", "src\Love.Net.Help\Love.Net.Help.xproj", "{B75B7FAB-88DE-47E6-9FF7-A2E8C6836E83}"
EndProject
Project("{2150E333-8FDC-42A3-9474-1A3956D46DE8}") = "test", "test", "{2490956B-E350-481A-BE6B-A4C15E9D476C}"
EndProject
Project("{8BB2217D-0F2D-49D1-97BC-3654ED321F3B}") = "Love.Net.Help.IntegrationTest", "test\Love.Net.Help.IntegrationTest\Love.Net.Help.IntegrationTest.xproj", "{2213B74B-13E5-41E9-929D-1020BF5FC198}"
EndProject
Project("{8BB2217D-0F2D-49D1-97BC-3654ED321F3B}") = "Love.Net.Help.UnitTest", "test\Love.Net.Help.UnitTest\Love.Net.Help.UnitTest.xproj", "{880F2050-22E3-45CB-BF93-3EAB8FE24AA8}"
EndProject
Project("{8BB2217D-0F2D-49D1-97BC-3654ED321F3B}") = "Host", "src\Host\Host.xproj", "{0165323C-C733-4148-BA27-F9D8A420065E}"
EndProject
Project("{8BB2217D-0F2D-49D1-97BC-3654ED321F3B}") = "Love.Net.Help.UI", "src\Love.Net.Help.UI\Love.Net.Help.UI.xproj", "{46DBA0CC-5943-4FA6-9DC5-31DB768E8E06}"
EndProject
Project("{8BB2217D-0F2D-49D1-97BC-3654ED321F3B}") = "Love.Net.Help.JsonH", "src\Love.Net.Help.JsonH\Love.Net.Help.JsonH.xproj", "{3C6FE15B-CD7A-49FD-AFC4-BD3D21B5C283}"
EndProject
Project("{8BB2217D-0F2D-49D1-97BC-3654ED321F3B}") = "Love.Net.Help.JsonEditor", "src\Love.Net.Help.JsonEditor\Love.Net.Help.JsonEditor.xproj", "{B7683EEC-408A-47B5-8976-4A4023FC6C5C}"
EndProject
Global
	GlobalSection(SolutionConfigurationPlatforms) = preSolution
		Debug|Any CPU = Debug|Any CPU
		Release|Any CPU = Release|Any CPU
	EndGlobalSection
	GlobalSection(ProjectConfigurationPlatforms) = postSolution
		{B75B7FAB-88DE-47E6-9FF7-A2E8C6836E83}.Debug|Any CPU.ActiveCfg = Debug|Any CPU
		{B75B7FAB-88DE-47E6-9FF7-A2E8C6836E83}.Debug|Any CPU.Build.0 = Debug|Any CPU
		{B75B7FAB-88DE-47E6-9FF7-A2E8C6836E83}.Release|Any CPU.ActiveCfg = Release|Any CPU
		{B75B7FAB-88DE-47E6-9FF7-A2E8C6836E83}.Release|Any CPU.Build.0 = Release|Any CPU
		{2213B74B-13E5-41E9-929D-1020BF5FC198}.Debug|Any CPU.ActiveCfg = Debug|Any CPU
		{2213B74B-13E5-41E9-929D-1020BF5FC198}.Debug|Any CPU.Build.0 = Debug|Any CPU
		{2213B74B-13E5-41E9-929D-1020BF5FC198}.Release|Any CPU.ActiveCfg = Release|Any CPU
		{2213B74B-13E5-41E9-929D-1020BF5FC198}.Release|Any CPU.Build.0 = Release|Any CPU
		{880F2050-22E3-45CB-BF93-3EAB8FE24AA8}.Debug|Any CPU.ActiveCfg = Debug|Any CPU
		{880F2050-22E3-45CB-BF93-3EAB8FE24AA8}.Debug|Any CPU.Build.0 = Debug|Any CPU
		{880F2050-22E3-45CB-BF93-3EAB8FE24AA8}.Release|Any CPU.ActiveCfg = Release|Any CPU
		{880F2050-22E3-45CB-BF93-3EAB8FE24AA8}.Release|Any CPU.Build.0 = Release|Any CPU
		{0165323C-C733-4148-BA27-F9D8A420065E}.Debug|Any CPU.ActiveCfg = Debug|Any CPU
		{0165323C-C733-4148-BA27-F9D8A420065E}.Debug|Any CPU.Build.0 = Debug|Any CPU
		{0165323C-C733-4148-BA27-F9D8A420065E}.Release|Any CPU.ActiveCfg = Release|Any CPU
		{0165323C-C733-4148-BA27-F9D8A420065E}.Release|Any CPU.Build.0 = Release|Any CPU
		{46DBA0CC-5943-4FA6-9DC5-31DB768E8E06}.Debug|Any CPU.ActiveCfg = Debug|Any CPU
		{46DBA0CC-5943-4FA6-9DC5-31DB768E8E06}.Debug|Any CPU.Build.0 = Debug|Any CPU
		{46DBA0CC-5943-4FA6-9DC5-31DB768E8E06}.Release|Any CPU.ActiveCfg = Release|Any CPU
		{46DBA0CC-5943-4FA6-9DC5-31DB768E8E06}.Release|Any CPU.Build.0 = Release|Any CPU
		{3C6FE15B-CD7A-49FD-AFC4-BD3D21B5C283}.Debug|Any CPU.ActiveCfg = Debug|Any CPU
		{3C6FE15B-CD7A-49FD-AFC4-BD3D21B5C283}.Debug|Any CPU.Build.0 = Debug|Any CPU
		{3C6FE15B-CD7A-49FD-AFC4-BD3D21B5C283}.Release|Any CPU.ActiveCfg = Release|Any CPU
		{3C6FE15B-CD7A-49FD-AFC4-BD3D21B5C283}.Release|Any CPU.Build.0 = Release|Any CPU
		{B7683EEC-408A-47B5-8976-4A4023FC6C5C}.Debug|Any CPU.ActiveCfg = Debug|Any CPU
		{B7683EEC-408A-47B5-8976-4A4023FC6C5C}.Debug|Any CPU.Build.0 = Debug|Any CPU
		{B7683EEC-408A-47B5-8976-4A4023FC6C5C}.Release|Any CPU.ActiveCfg = Release|Any CPU
		{B7683EEC-408A-47B5-8976-4A4023FC6C5C}.Release|Any CPU.Build.0 = Release|Any CPU
	EndGlobalSection
	GlobalSection(SolutionProperties) = preSolution
		HideSolutionNode = FALSE
	EndGlobalSection
	GlobalSection(NestedProjects) = preSolution
		{B75B7FAB-88DE-47E6-9FF7-A2E8C6836E83} = {975A2087-8916-44F2-B328-969DC1C3085D}
		{2213B74B-13E5-41E9-929D-1020BF5FC198} = {2490956B-E350-481A-BE6B-A4C15E9D476C}
		{880F2050-22E3-45CB-BF93-3EAB8FE24AA8} = {2490956B-E350-481A-BE6B-A4C15E9D476C}
		{0165323C-C733-4148-BA27-F9D8A420065E} = {975A2087-8916-44F2-B328-969DC1C3085D}
		{46DBA0CC-5943-4FA6-9DC5-31DB768E8E06} = {975A2087-8916-44F2-B328-969DC1C3085D}
		{3C6FE15B-CD7A-49FD-AFC4-BD3D21B5C283} = {975A2087-8916-44F2-B328-969DC1C3085D}
		{B7683EEC-408A-47B5-8976-4A4023FC6C5C} = {975A2087-8916-44F2-B328-969DC1C3085D}
	EndGlobalSection
EndGlobal
